// !$*UTF8*$!
{
	archiveVersion = 1;
	classes = {
	};
	objectVersion = 50;
	objects = {

/* Begin PBXBuildFile section */
		95F0F5CE231DDE340097CC1C /* GHNullThreadFactory.cpp in Sources */ = {isa = PBXBuildFile; fileRef = 95F0F5C3231DDE340097CC1C /* GHNullThreadFactory.cpp */; };
		95F0F5CF231DDE340097CC1C /* GHNullPlatformServices.cpp in Sources */ = {isa = PBXBuildFile; fileRef = 95F0F5C5231DDE340097CC1C /* GHNullPlatformServices.cpp */; };
		95F0F5E4231DDE470097CC1C /* GHCFSocketMgr.mm in Sources */ = {isa = PBXBuildFile; fileRef = 95F0F5D0231DDE460097CC1C /* GHCFSocketMgr.mm */; };
		95F0F5E5231DDE470097CC1C /* GHiOSThreadSleeper.mm in Sources */ = {isa = PBXBuildFile; fileRef = 95F0F5D1231DDE460097CC1C /* GHiOSThreadSleeper.mm */; };
		95F0F5E6231DDE470097CC1C /* GHiOSTimeCalculator.mm in Sources */ = {isa = PBXBuildFile; fileRef = 95F0F5D3231DDE460097CC1C /* GHiOSTimeCalculator.mm */; };
		95F0F5E7231DDE470097CC1C /* GHCFSocket.mm in Sources */ = {isa = PBXBuildFile; fileRef = 95F0F5D6231DDE460097CC1C /* GHCFSocket.mm */; };
		95F0F5E8231DDE470097CC1C /* GHiOSOutputPipe.mm in Sources */ = {isa = PBXBuildFile; fileRef = 95F0F5D7231DDE460097CC1C /* GHiOSOutputPipe.mm */; };
		95F0F5E9231DDE470097CC1C /* GHiOSFileOpener.mm in Sources */ = {isa = PBXBuildFile; fileRef = 95F0F5DB231DDE460097CC1C /* GHiOSFileOpener.mm */; };
		95F0F5EA231DDE470097CC1C /* GHiOSThread.mm in Sources */ = {isa = PBXBuildFile; fileRef = 95F0F5DC231DDE460097CC1C /* GHiOSThread.mm */; };
		95F0F5EB231DDE470097CC1C /* GHiOSPlatformServices.mm in Sources */ = {isa = PBXBuildFile; fileRef = 95F0F5DD231DDE470097CC1C /* GHiOSPlatformServices.mm */; };
		95F0F5EC231DDE470097CC1C /* GHiOSMutex.mm in Sources */ = {isa = PBXBuildFile; fileRef = 95F0F5E1231DDE470097CC1C /* GHiOSMutex.mm */; };
		95F0F5ED231DDE470097CC1C /* GHiOSThreadFactory.mm in Sources */ = {isa = PBXBuildFile; fileRef = 95F0F5E2231DDE470097CC1C /* GHiOSThreadFactory.mm */; };
		95F0F63C231DDE6D0097CC1C /* GHMessage.cpp in Sources */ = {isa = PBXBuildFile; fileRef = 95F0F5F0231DDE650097CC1C /* GHMessage.cpp */; };
		95F0F63D231DDE6D0097CC1C /* GHResource.cpp in Sources */ = {isa = PBXBuildFile; fileRef = 95F0F5F6231DDE660097CC1C /* GHResource.cpp */; };
		95F0F63E231DDE6D0097CC1C /* GHDebugMessage.cpp in Sources */ = {isa = PBXBuildFile; fileRef = 95F0F5F9231DDE660097CC1C /* GHDebugMessage.cpp */; };
		95F0F63F231DDE6D0097CC1C /* GHStateMachine.cpp in Sources */ = {isa = PBXBuildFile; fileRef = 95F0F5FE231DDE660097CC1C /* GHStateMachine.cpp */; };
		95F0F640231DDE6D0097CC1C /* GHPlatformServices.cpp in Sources */ = {isa = PBXBuildFile; fileRef = 95F0F600231DDE660097CC1C /* GHPlatformServices.cpp */; };
		95F0F641231DDE6D0097CC1C /* GHProfileRecord.cpp in Sources */ = {isa = PBXBuildFile; fileRef = 95F0F601231DDE660097CC1C /* GHProfileRecord.cpp */; };
		95F0F642231DDE6D0097CC1C /* GHByteStreamPreallocated.cpp in Sources */ = {isa = PBXBuildFile; fileRef = 95F0F602231DDE660097CC1C /* GHByteStreamPreallocated.cpp */; };
		95F0F643231DDE6D0097CC1C /* GHTimeUpdater.cpp in Sources */ = {isa = PBXBuildFile; fileRef = 95F0F605231DDE670097CC1C /* GHTimeUpdater.cpp */; };
		95F0F644231DDE6D0097CC1C /* GHRedirectResourceLoader.cpp in Sources */ = {isa = PBXBuildFile; fileRef = 95F0F610231DDE680097CC1C /* GHRedirectResourceLoader.cpp */; };
		95F0F645231DDE6D0097CC1C /* GHMessageQueue.cpp in Sources */ = {isa = PBXBuildFile; fileRef = 95F0F614231DDE680097CC1C /* GHMessageQueue.cpp */; };
		95F0F646231DDE6D0097CC1C /* GHByteStreamReader.cpp in Sources */ = {isa = PBXBuildFile; fileRef = 95F0F617231DDE690097CC1C /* GHByteStreamReader.cpp */; };
		95F0F647231DDE6D0097CC1C /* GHControllerTransition.cpp in Sources */ = {isa = PBXBuildFile; fileRef = 95F0F61B231DDE690097CC1C /* GHControllerTransition.cpp */; };
		95F0F648231DDE6D0097CC1C /* GHProfiler.cpp in Sources */ = {isa = PBXBuildFile; fileRef = 95F0F61E231DDE6A0097CC1C /* GHProfiler.cpp */; };
		95F0F649231DDE6D0097CC1C /* GHFileOpener.cpp in Sources */ = {isa = PBXBuildFile; fileRef = 95F0F621231DDE6A0097CC1C /* GHFileOpener.cpp */; };
		95F0F64A231DDE6D0097CC1C /* GHProperty.cpp in Sources */ = {isa = PBXBuildFile; fileRef = 95F0F622231DDE6A0097CC1C /* GHProperty.cpp */; };
		95F0F64B231DDE6D0097CC1C /* GHXorFile.cpp in Sources */ = {isa = PBXBuildFile; fileRef = 95F0F623231DDE6A0097CC1C /* GHXorFile.cpp */; };
		95F0F64C231DDE6D0097CC1C /* GHControllerMgr.cpp in Sources */ = {isa = PBXBuildFile; fileRef = 95F0F624231DDE6A0097CC1C /* GHControllerMgr.cpp */; };
		95F0F64D231DDE6D0097CC1C /* GHResourceFactory.cpp in Sources */ = {isa = PBXBuildFile; fileRef = 95F0F626231DDE6A0097CC1C /* GHResourceFactory.cpp */; };
		95F0F64E231DDE6D0097CC1C /* GHEventMgr.cpp in Sources */ = {isa = PBXBuildFile; fileRef = 95F0F628231DDE6B0097CC1C /* GHEventMgr.cpp */; };
		95F0F64F231DDE6D0097CC1C /* GHTimeVal.cpp in Sources */ = {isa = PBXBuildFile; fileRef = 95F0F629231DDE6B0097CC1C /* GHTimeVal.cpp */; };
		95F0F650231DDE6D0097CC1C /* GHRefCounted.cpp in Sources */ = {isa = PBXBuildFile; fileRef = 95F0F62C231DDE6B0097CC1C /* GHRefCounted.cpp */; };
		95F0F651231DDE6D0097CC1C /* GHFOpenFileOpener.cpp in Sources */ = {isa = PBXBuildFile; fileRef = 95F0F62F231DDE6C0097CC1C /* GHFOpenFileOpener.cpp */; };
		95F0F652231DDE6D0097CC1C /* GHPrintfOutputPipe.cpp in Sources */ = {isa = PBXBuildFile; fileRef = 95F0F630231DDE6C0097CC1C /* GHPrintfOutputPipe.cpp */; };
		95F0F653231DDE6D0097CC1C /* GHResourceCache.cpp in Sources */ = {isa = PBXBuildFile; fileRef = 95F0F634231DDE6C0097CC1C /* GHResourceCache.cpp */; };
		95F0F654231DDE6D0097CC1C /* GHPropertyContainer.cpp in Sources */ = {isa = PBXBuildFile; fileRef = 95F0F637231DDE6D0097CC1C /* GHPropertyContainer.cpp */; };
		95F0F655231DDE6D0097CC1C /* GHFileC.cpp in Sources */ = {isa = PBXBuildFile; fileRef = 95F0F63B231DDE6D0097CC1C /* GHFileC.cpp */; };
		95F0F65F231DDEAD0097CC1C /* libGHString.a in Frameworks */ = {isa = PBXBuildFile; fileRef = 95F0F65B231DDE960097CC1C /* libGHString.a */; };
/* End PBXBuildFile section */

/* Begin PBXContainerItemProxy section */
		95F0F65A231DDE960097CC1C /* PBXContainerItemProxy */ = {
			isa = PBXContainerItemProxy;
			containerPortal = 95F0F656231DDE960097CC1C /* GHString.xcodeproj */;
			proxyType = 2;
			remoteGlobalIDString = 95F0F20A231D63990097CC1C;
			remoteInfo = GHString;
		};
		95F0F65C231DDEA50097CC1C /* PBXContainerItemProxy */ = {
			isa = PBXContainerItemProxy;
			containerPortal = 95F0F656231DDE960097CC1C /* GHString.xcodeproj */;
			proxyType = 1;
			remoteGlobalIDString = 95F0F209231D63990097CC1C;
			remoteInfo = GHString;
		};
/* End PBXContainerItemProxy section */

/* Begin PBXCopyFilesBuildPhase section */
		95F0F5B0231DDDF70097CC1C /* CopyFiles */ = {
			isa = PBXCopyFilesBuildPhase;
			buildActionMask = 2147483647;
			dstPath = "include/$(PRODUCT_NAME)";
			dstSubfolderSpec = 16;
			files = (
			);
			runOnlyForDeploymentPostprocessing = 0;
		};
/* End PBXCopyFilesBuildPhase section */

/* Begin PBXFileReference section */
		95F0F5B2231DDDF70097CC1C /* libGHPlatform.a */ = {isa = PBXFileReference; explicitFileType = archive.ar; includeInIndex = 0; path = libGHPlatform.a; sourceTree = BUILT_PRODUCTS_DIR; };
		95F0F5C1231DDE340097CC1C /* GHNullTimeCalculator.h */ = {isa = PBXFileReference; fileEncoding = 4; lastKnownFileType = sourcecode.c.h; name = GHNullTimeCalculator.h; path = ../../../null/GHNullTimeCalculator.h; sourceTree = "<group>"; };
		95F0F5C2231DDE340097CC1C /* GHNullPlatformServices.h */ = {isa = PBXFileReference; fileEncoding = 4; lastKnownFileType = sourcecode.c.h; name = GHNullPlatformServices.h; path = ../../../null/GHNullPlatformServices.h; sourceTree = "<group>"; };
		95F0F5C3231DDE340097CC1C /* GHNullThreadFactory.cpp */ = {isa = PBXFileReference; fileEncoding = 4; lastKnownFileType = sourcecode.cpp.cpp; name = GHNullThreadFactory.cpp; path = ../../../null/GHNullThreadFactory.cpp; sourceTree = "<group>"; };
		95F0F5C4231DDE340097CC1C /* GHNullThreadFactory.h */ = {isa = PBXFileReference; fileEncoding = 4; lastKnownFileType = sourcecode.c.h; name = GHNullThreadFactory.h; path = ../../../null/GHNullThreadFactory.h; sourceTree = "<group>"; };
		95F0F5C5231DDE340097CC1C /* GHNullPlatformServices.cpp */ = {isa = PBXFileReference; fileEncoding = 4; lastKnownFileType = sourcecode.cpp.cpp; name = GHNullPlatformServices.cpp; path = ../../../null/GHNullPlatformServices.cpp; sourceTree = "<group>"; };
		95F0F5C6231DDE340097CC1C /* GHNullMutex.h */ = {isa = PBXFileReference; fileEncoding = 4; lastKnownFileType = sourcecode.c.h; name = GHNullMutex.h; path = ../../../null/GHNullMutex.h; sourceTree = "<group>"; };
		95F0F5C7231DDE340097CC1C /* GHNullSocketMgr.h */ = {isa = PBXFileReference; fileEncoding = 4; lastKnownFileType = sourcecode.c.h; name = GHNullSocketMgr.h; path = ../../../null/GHNullSocketMgr.h; sourceTree = "<group>"; };
		95F0F5C8231DDE340097CC1C /* GHNullThreadSignal.h */ = {isa = PBXFileReference; fileEncoding = 4; lastKnownFileType = sourcecode.c.h; name = GHNullThreadSignal.h; path = ../../../null/GHNullThreadSignal.h; sourceTree = "<group>"; };
		95F0F5C9231DDE340097CC1C /* GHNullWindow.h */ = {isa = PBXFileReference; fileEncoding = 4; lastKnownFileType = sourcecode.c.h; name = GHNullWindow.h; path = ../../../null/GHNullWindow.h; sourceTree = "<group>"; };
		95F0F5CA231DDE340097CC1C /* GHNullThreadSleeper.h */ = {isa = PBXFileReference; fileEncoding = 4; lastKnownFileType = sourcecode.c.h; name = GHNullThreadSleeper.h; path = ../../../null/GHNullThreadSleeper.h; sourceTree = "<group>"; };
		95F0F5CB231DDE340097CC1C /* GHNullFileOpener.h */ = {isa = PBXFileReference; fileEncoding = 4; lastKnownFileType = sourcecode.c.h; name = GHNullFileOpener.h; path = ../../../null/GHNullFileOpener.h; sourceTree = "<group>"; };
		95F0F5CC231DDE340097CC1C /* GHNullFilePicker.h */ = {isa = PBXFileReference; fileEncoding = 4; lastKnownFileType = sourcecode.c.h; name = GHNullFilePicker.h; path = ../../../null/GHNullFilePicker.h; sourceTree = "<group>"; };
		95F0F5CD231DDE340097CC1C /* GHNullThread.h */ = {isa = PBXFileReference; fileEncoding = 4; lastKnownFileType = sourcecode.c.h; name = GHNullThread.h; path = ../../../null/GHNullThread.h; sourceTree = "<group>"; };
		95F0F5D0231DDE460097CC1C /* GHCFSocketMgr.mm */ = {isa = PBXFileReference; fileEncoding = 4; lastKnownFileType = sourcecode.cpp.objcpp; name = GHCFSocketMgr.mm; path = ../../GHCFSocketMgr.mm; sourceTree = "<group>"; };
		95F0F5D1231DDE460097CC1C /* GHiOSThreadSleeper.mm */ = {isa = PBXFileReference; fileEncoding = 4; lastKnownFileType = sourcecode.cpp.objcpp; name = GHiOSThreadSleeper.mm; path = ../../GHiOSThreadSleeper.mm; sourceTree = "<group>"; };
		95F0F5D2231DDE460097CC1C /* GHiOSFileOpener.h */ = {isa = PBXFileReference; fileEncoding = 4; lastKnownFileType = sourcecode.c.h; name = GHiOSFileOpener.h; path = ../../GHiOSFileOpener.h; sourceTree = "<group>"; };
		95F0F5D3231DDE460097CC1C /* GHiOSTimeCalculator.mm */ = {isa = PBXFileReference; fileEncoding = 4; lastKnownFileType = sourcecode.cpp.objcpp; name = GHiOSTimeCalculator.mm; path = ../../GHiOSTimeCalculator.mm; sourceTree = "<group>"; };
		95F0F5D4231DDE460097CC1C /* GHiOSThreadFactory.h */ = {isa = PBXFileReference; fileEncoding = 4; lastKnownFileType = sourcecode.c.h; name = GHiOSThreadFactory.h; path = ../../GHiOSThreadFactory.h; sourceTree = "<group>"; };
		95F0F5D5231DDE460097CC1C /* GHiOSTimeCalculator.h */ = {isa = PBXFileReference; fileEncoding = 4; lastKnownFileType = sourcecode.c.h; name = GHiOSTimeCalculator.h; path = ../../GHiOSTimeCalculator.h; sourceTree = "<group>"; };
		95F0F5D6231DDE460097CC1C /* GHCFSocket.mm */ = {isa = PBXFileReference; fileEncoding = 4; lastKnownFileType = sourcecode.cpp.objcpp; name = GHCFSocket.mm; path = ../../GHCFSocket.mm; sourceTree = "<group>"; };
		95F0F5D7231DDE460097CC1C /* GHiOSOutputPipe.mm */ = {isa = PBXFileReference; fileEncoding = 4; lastKnownFileType = sourcecode.cpp.objcpp; name = GHiOSOutputPipe.mm; path = ../../GHiOSOutputPipe.mm; sourceTree = "<group>"; };
		95F0F5D8231DDE460097CC1C /* GHCFSocketMgr.h */ = {isa = PBXFileReference; fileEncoding = 4; lastKnownFileType = sourcecode.c.h; name = GHCFSocketMgr.h; path = ../../GHCFSocketMgr.h; sourceTree = "<group>"; };
		95F0F5D9231DDE460097CC1C /* GHiOSOutputPipe.h */ = {isa = PBXFileReference; fileEncoding = 4; lastKnownFileType = sourcecode.c.h; name = GHiOSOutputPipe.h; path = ../../GHiOSOutputPipe.h; sourceTree = "<group>"; };
		95F0F5DA231DDE460097CC1C /* GHiOSPlatformServices.h */ = {isa = PBXFileReference; fileEncoding = 4; lastKnownFileType = sourcecode.c.h; name = GHiOSPlatformServices.h; path = ../../GHiOSPlatformServices.h; sourceTree = "<group>"; };
		95F0F5DB231DDE460097CC1C /* GHiOSFileOpener.mm */ = {isa = PBXFileReference; fileEncoding = 4; lastKnownFileType = sourcecode.cpp.objcpp; name = GHiOSFileOpener.mm; path = ../../GHiOSFileOpener.mm; sourceTree = "<group>"; };
		95F0F5DC231DDE460097CC1C /* GHiOSThread.mm */ = {isa = PBXFileReference; fileEncoding = 4; lastKnownFileType = sourcecode.cpp.objcpp; name = GHiOSThread.mm; path = ../../GHiOSThread.mm; sourceTree = "<group>"; };
		95F0F5DD231DDE470097CC1C /* GHiOSPlatformServices.mm */ = {isa = PBXFileReference; fileEncoding = 4; lastKnownFileType = sourcecode.cpp.objcpp; name = GHiOSPlatformServices.mm; path = ../../GHiOSPlatformServices.mm; sourceTree = "<group>"; };
		95F0F5DE231DDE470097CC1C /* GHCFSocket.h */ = {isa = PBXFileReference; fileEncoding = 4; lastKnownFileType = sourcecode.c.h; name = GHCFSocket.h; path = ../../GHCFSocket.h; sourceTree = "<group>"; };
		95F0F5DF231DDE470097CC1C /* GHiOSThread.h */ = {isa = PBXFileReference; fileEncoding = 4; lastKnownFileType = sourcecode.c.h; name = GHiOSThread.h; path = ../../GHiOSThread.h; sourceTree = "<group>"; };
		95F0F5E0231DDE470097CC1C /* GHiOSThreadSleeper.h */ = {isa = PBXFileReference; fileEncoding = 4; lastKnownFileType = sourcecode.c.h; name = GHiOSThreadSleeper.h; path = ../../GHiOSThreadSleeper.h; sourceTree = "<group>"; };
		95F0F5E1231DDE470097CC1C /* GHiOSMutex.mm */ = {isa = PBXFileReference; fileEncoding = 4; lastKnownFileType = sourcecode.cpp.objcpp; name = GHiOSMutex.mm; path = ../../GHiOSMutex.mm; sourceTree = "<group>"; };
		95F0F5E2231DDE470097CC1C /* GHiOSThreadFactory.mm */ = {isa = PBXFileReference; fileEncoding = 4; lastKnownFileType = sourcecode.cpp.objcpp; name = GHiOSThreadFactory.mm; path = ../../GHiOSThreadFactory.mm; sourceTree = "<group>"; };
		95F0F5E3231DDE470097CC1C /* GHiOSMutex.h */ = {isa = PBXFileReference; fileEncoding = 4; lastKnownFileType = sourcecode.c.h; name = GHiOSMutex.h; path = ../../GHiOSMutex.h; sourceTree = "<group>"; };
		95F0F5EE231DDE650097CC1C /* GHRedirectResourceLoader.h */ = {isa = PBXFileReference; fileEncoding = 4; lastKnownFileType = sourcecode.c.h; name = GHRedirectResourceLoader.h; path = ../../../GHRedirectResourceLoader.h; sourceTree = "<group>"; };
		95F0F5EF231DDE650097CC1C /* GHResource.h */ = {isa = PBXFileReference; fileEncoding = 4; lastKnownFileType = sourcecode.c.h; name = GHResource.h; path = ../../../GHResource.h; sourceTree = "<group>"; };
		95F0F5F0231DDE650097CC1C /* GHMessage.cpp */ = {isa = PBXFileReference; fileEncoding = 4; lastKnownFileType = sourcecode.cpp.cpp; name = GHMessage.cpp; path = ../../../GHMessage.cpp; sourceTree = "<group>"; };
		95F0F5F1231DDE650097CC1C /* GHStaticAssert.h */ = {isa = PBXFileReference; fileEncoding = 4; lastKnownFileType = sourcecode.c.h; name = GHStaticAssert.h; path = ../../../GHStaticAssert.h; sourceTree = "<group>"; };
		95F0F5F2231DDE650097CC1C /* GHPlatformIdentifiers.h */ = {isa = PBXFileReference; fileEncoding = 4; lastKnownFileType = sourcecode.c.h; name = GHPlatformIdentifiers.h; path = ../../../GHPlatformIdentifiers.h; sourceTree = "<group>"; };
		95F0F5F3231DDE650097CC1C /* GHProfileRecord.h */ = {isa = PBXFileReference; fileEncoding = 4; lastKnownFileType = sourcecode.c.h; name = GHProfileRecord.h; path = ../../../GHProfileRecord.h; sourceTree = "<group>"; };
		95F0F5F4231DDE660097CC1C /* GHTimeUpdater.h */ = {isa = PBXFileReference; fileEncoding = 4; lastKnownFileType = sourcecode.c.h; name = GHTimeUpdater.h; path = ../../../GHTimeUpdater.h; sourceTree = "<group>"; };
		95F0F5F5231DDE660097CC1C /* GHTransition.h */ = {isa = PBXFileReference; fileEncoding = 4; lastKnownFileType = sourcecode.c.h; name = GHTransition.h; path = ../../../GHTransition.h; sourceTree = "<group>"; };
		95F0F5F6231DDE660097CC1C /* GHResource.cpp */ = {isa = PBXFileReference; fileEncoding = 4; lastKnownFileType = sourcecode.cpp.cpp; name = GHResource.cpp; path = ../../../GHResource.cpp; sourceTree = "<group>"; };
		95F0F5F7231DDE660097CC1C /* GHControllerTransition.h */ = {isa = PBXFileReference; fileEncoding = 4; lastKnownFileType = sourcecode.c.h; name = GHControllerTransition.h; path = ../../../GHControllerTransition.h; sourceTree = "<group>"; };
		95F0F5F8231DDE660097CC1C /* GHDebugMessage.h */ = {isa = PBXFileReference; fileEncoding = 4; lastKnownFileType = sourcecode.c.h; name = GHDebugMessage.h; path = ../../../GHDebugMessage.h; sourceTree = "<group>"; };
		95F0F5F9231DDE660097CC1C /* GHDebugMessage.cpp */ = {isa = PBXFileReference; fileEncoding = 4; lastKnownFileType = sourcecode.cpp.cpp; name = GHDebugMessage.cpp; path = ../../../GHDebugMessage.cpp; sourceTree = "<group>"; };
		95F0F5FA231DDE660097CC1C /* GHEventMgr.h */ = {isa = PBXFileReference; fileEncoding = 4; lastKnownFileType = sourcecode.c.h; name = GHEventMgr.h; path = ../../../GHEventMgr.h; sourceTree = "<group>"; };
		95F0F5FB231DDE660097CC1C /* GHDeletionHandle.h */ = {isa = PBXFileReference; fileEncoding = 4; lastKnownFileType = sourcecode.c.h; name = GHDeletionHandle.h; path = ../../../GHDeletionHandle.h; sourceTree = "<group>"; };
		95F0F5FC231DDE660097CC1C /* GHPrioritizedList.h */ = {isa = PBXFileReference; fileEncoding = 4; lastKnownFileType = sourcecode.c.h; name = GHPrioritizedList.h; path = ../../../GHPrioritizedList.h; sourceTree = "<group>"; };
		95F0F5FD231DDE660097CC1C /* GHRefCountedDeletionHandle.h */ = {isa = PBXFileReference; fileEncoding = 4; lastKnownFileType = sourcecode.c.h; name = GHRefCountedDeletionHandle.h; path = ../../../GHRefCountedDeletionHandle.h; sourceTree = "<group>"; };
		95F0F5FE231DDE660097CC1C /* GHStateMachine.cpp */ = {isa = PBXFileReference; fileEncoding = 4; lastKnownFileType = sourcecode.cpp.cpp; name = GHStateMachine.cpp; path = ../../../GHStateMachine.cpp; sourceTree = "<group>"; };
		95F0F5FF231DDE660097CC1C /* GHFilePicker.h */ = {isa = PBXFileReference; fileEncoding = 4; lastKnownFileType = sourcecode.c.h; name = GHFilePicker.h; path = ../../../GHFilePicker.h; sourceTree = "<group>"; };
		95F0F600231DDE660097CC1C /* GHPlatformServices.cpp */ = {isa = PBXFileReference; fileEncoding = 4; lastKnownFileType = sourcecode.cpp.cpp; name = GHPlatformServices.cpp; path = ../../../GHPlatformServices.cpp; sourceTree = "<group>"; };
		95F0F601231DDE660097CC1C /* GHProfileRecord.cpp */ = {isa = PBXFileReference; fileEncoding = 4; lastKnownFileType = sourcecode.cpp.cpp; name = GHProfileRecord.cpp; path = ../../../GHProfileRecord.cpp; sourceTree = "<group>"; };
		95F0F602231DDE660097CC1C /* GHByteStreamPreallocated.cpp */ = {isa = PBXFileReference; fileEncoding = 4; lastKnownFileType = sourcecode.cpp.cpp; name = GHByteStreamPreallocated.cpp; path = ../../../GHByteStreamPreallocated.cpp; sourceTree = "<group>"; };
		95F0F603231DDE670097CC1C /* GHResourceLoader.h */ = {isa = PBXFileReference; fileEncoding = 4; lastKnownFileType = sourcecode.c.h; name = GHResourceLoader.h; path = ../../../GHResourceLoader.h; sourceTree = "<group>"; };
		95F0F604231DDE670097CC1C /* GHThread.h */ = {isa = PBXFileReference; fileEncoding = 4; lastKnownFileType = sourcecode.c.h; name = GHThread.h; path = ../../../GHThread.h; sourceTree = "<group>"; };
		95F0F605231DDE670097CC1C /* GHTimeUpdater.cpp */ = {isa = PBXFileReference; fileEncoding = 4; lastKnownFileType = sourcecode.cpp.cpp; name = GHTimeUpdater.cpp; path = ../../../GHTimeUpdater.cpp; sourceTree = "<group>"; };
		95F0F606231DDE670097CC1C /* GHStlUtil.h */ = {isa = PBXFileReference; fileEncoding = 4; lastKnownFileType = sourcecode.c.h; name = GHStlUtil.h; path = ../../../GHStlUtil.h; sourceTree = "<group>"; };
		95F0F607231DDE670097CC1C /* GHThreadSleeper.h */ = {isa = PBXFileReference; fileEncoding = 4; lastKnownFileType = sourcecode.c.h; name = GHThreadSleeper.h; path = ../../../GHThreadSleeper.h; sourceTree = "<group>"; };
		95F0F608231DDE670097CC1C /* GHProperty.h */ = {isa = PBXFileReference; fileEncoding = 4; lastKnownFileType = sourcecode.c.h; name = GHProperty.h; path = ../../../GHProperty.h; sourceTree = "<group>"; };
		95F0F609231DDE670097CC1C /* GHXorFile.h */ = {isa = PBXFileReference; fileEncoding = 4; lastKnownFileType = sourcecode.c.h; name = GHXorFile.h; path = ../../../GHXorFile.h; sourceTree = "<group>"; };
		95F0F60A231DDE670097CC1C /* GHFile.h */ = {isa = PBXFileReference; fileEncoding = 4; lastKnownFileType = sourcecode.c.h; name = GHFile.h; path = ../../../GHFile.h; sourceTree = "<group>"; };
		95F0F60B231DDE670097CC1C /* GHOutputPipe.h */ = {isa = PBXFileReference; fileEncoding = 4; lastKnownFileType = sourcecode.c.h; name = GHOutputPipe.h; path = ../../../GHOutputPipe.h; sourceTree = "<group>"; };
		95F0F60C231DDE670097CC1C /* GHMessage.h */ = {isa = PBXFileReference; fileEncoding = 4; lastKnownFileType = sourcecode.c.h; name = GHMessage.h; path = ../../../GHMessage.h; sourceTree = "<group>"; };
		95F0F60D231DDE680097CC1C /* GHPlatformServices.h */ = {isa = PBXFileReference; fileEncoding = 4; lastKnownFileType = sourcecode.c.h; name = GHPlatformServices.h; path = ../../../GHPlatformServices.h; sourceTree = "<group>"; };
		95F0F60E231DDE680097CC1C /* GHTypedVoidFuncRunnable.h */ = {isa = PBXFileReference; fileEncoding = 4; lastKnownFileType = sourcecode.c.h; name = GHTypedVoidFuncRunnable.h; path = ../../../GHTypedVoidFuncRunnable.h; sourceTree = "<group>"; };
		95F0F60F231DDE680097CC1C /* GHSocket.h */ = {isa = PBXFileReference; fileEncoding = 4; lastKnownFileType = sourcecode.c.h; name = GHSocket.h; path = ../../../GHSocket.h; sourceTree = "<group>"; };
		95F0F610231DDE680097CC1C /* GHRedirectResourceLoader.cpp */ = {isa = PBXFileReference; fileEncoding = 4; lastKnownFileType = sourcecode.cpp.cpp; name = GHRedirectResourceLoader.cpp; path = ../../../GHRedirectResourceLoader.cpp; sourceTree = "<group>"; };
		95F0F611231DDE680097CC1C /* GHRunnable.h */ = {isa = PBXFileReference; fileEncoding = 4; lastKnownFileType = sourcecode.c.h; name = GHRunnable.h; path = ../../../GHRunnable.h; sourceTree = "<group>"; };
		95F0F612231DDE680097CC1C /* GHConnectionType.h */ = {isa = PBXFileReference; fileEncoding = 4; lastKnownFileType = sourcecode.c.h; name = GHConnectionType.h; path = ../../../GHConnectionType.h; sourceTree = "<group>"; };
		95F0F613231DDE680097CC1C /* GHByteStreamReader.h */ = {isa = PBXFileReference; fileEncoding = 4; lastKnownFileType = sourcecode.c.h; name = GHByteStreamReader.h; path = ../../../GHByteStreamReader.h; sourceTree = "<group>"; };
		95F0F614231DDE680097CC1C /* GHMessageQueue.cpp */ = {isa = PBXFileReference; fileEncoding = 4; lastKnownFileType = sourcecode.cpp.cpp; name = GHMessageQueue.cpp; path = ../../../GHMessageQueue.cpp; sourceTree = "<group>"; };
		95F0F615231DDE690097CC1C /* GHSocketMgr.h */ = {isa = PBXFileReference; fileEncoding = 4; lastKnownFileType = sourcecode.c.h; name = GHSocketMgr.h; path = ../../../GHSocketMgr.h; sourceTree = "<group>"; };
		95F0F616231DDE690097CC1C /* GHStateMachine.h */ = {isa = PBXFileReference; fileEncoding = 4; lastKnownFileType = sourcecode.c.h; name = GHStateMachine.h; path = ../../../GHStateMachine.h; sourceTree = "<group>"; };
		95F0F617231DDE690097CC1C /* GHByteStreamReader.cpp */ = {isa = PBXFileReference; fileEncoding = 4; lastKnownFileType = sourcecode.cpp.cpp; name = GHByteStreamReader.cpp; path = ../../../GHByteStreamReader.cpp; sourceTree = "<group>"; };
		95F0F618231DDE690097CC1C /* GHTimeCalculator.h */ = {isa = PBXFileReference; fileEncoding = 4; lastKnownFileType = sourcecode.c.h; name = GHTimeCalculator.h; path = ../../../GHTimeCalculator.h; sourceTree = "<group>"; };
		95F0F619231DDE690097CC1C /* GHPrintfOutputPipe.h */ = {isa = PBXFileReference; fileEncoding = 4; lastKnownFileType = sourcecode.c.h; name = GHPrintfOutputPipe.h; path = ../../../GHPrintfOutputPipe.h; sourceTree = "<group>"; };
		95F0F61A231DDE690097CC1C /* GHFileC.h */ = {isa = PBXFileReference; fileEncoding = 4; lastKnownFileType = sourcecode.c.h; name = GHFileC.h; path = ../../../GHFileC.h; sourceTree = "<group>"; };
		95F0F61B231DDE690097CC1C /* GHControllerTransition.cpp */ = {isa = PBXFileReference; fileEncoding = 4; lastKnownFileType = sourcecode.cpp.cpp; name = GHControllerTransition.cpp; path = ../../../GHControllerTransition.cpp; sourceTree = "<group>"; };
		95F0F61C231DDE690097CC1C /* GHOwnershipList.h */ = {isa = PBXFileReference; fileEncoding = 4; lastKnownFileType = sourcecode.c.h; name = GHOwnershipList.h; path = ../../../GHOwnershipList.h; sourceTree = "<group>"; };
		95F0F61D231DDE690097CC1C /* GHMessageQueue.h */ = {isa = PBXFileReference; fileEncoding = 4; lastKnownFileType = sourcecode.c.h; name = GHMessageQueue.h; path = ../../../GHMessageQueue.h; sourceTree = "<group>"; };
		95F0F61E231DDE6A0097CC1C /* GHProfiler.cpp */ = {isa = PBXFileReference; fileEncoding = 4; lastKnownFileType = sourcecode.cpp.cpp; name = GHProfiler.cpp; path = ../../../GHProfiler.cpp; sourceTree = "<group>"; };
		95F0F61F231DDE6A0097CC1C /* GHPropertyContainer.h */ = {isa = PBXFileReference; fileEncoding = 4; lastKnownFileType = sourcecode.c.h; name = GHPropertyContainer.h; path = ../../../GHPropertyContainer.h; sourceTree = "<group>"; };
		95F0F620231DDE6A0097CC1C /* GHProfiler.h */ = {isa = PBXFileReference; fileEncoding = 4; lastKnownFileType = sourcecode.c.h; name = GHProfiler.h; path = ../../../GHProfiler.h; sourceTree = "<group>"; };
		95F0F621231DDE6A0097CC1C /* GHFileOpener.cpp */ = {isa = PBXFileReference; fileEncoding = 4; lastKnownFileType = sourcecode.cpp.cpp; name = GHFileOpener.cpp; path = ../../../GHFileOpener.cpp; sourceTree = "<group>"; };
		95F0F622231DDE6A0097CC1C /* GHProperty.cpp */ = {isa = PBXFileReference; fileEncoding = 4; lastKnownFileType = sourcecode.cpp.cpp; name = GHProperty.cpp; path = ../../../GHProperty.cpp; sourceTree = "<group>"; };
		95F0F623231DDE6A0097CC1C /* GHXorFile.cpp */ = {isa = PBXFileReference; fileEncoding = 4; lastKnownFileType = sourcecode.cpp.cpp; name = GHXorFile.cpp; path = ../../../GHXorFile.cpp; sourceTree = "<group>"; };
		95F0F624231DDE6A0097CC1C /* GHControllerMgr.cpp */ = {isa = PBXFileReference; fileEncoding = 4; lastKnownFileType = sourcecode.cpp.cpp; name = GHControllerMgr.cpp; path = ../../../GHControllerMgr.cpp; sourceTree = "<group>"; };
		95F0F625231DDE6A0097CC1C /* GHController.h */ = {isa = PBXFileReference; fileEncoding = 4; lastKnownFileType = sourcecode.c.h; name = GHController.h; path = ../../../GHController.h; sourceTree = "<group>"; };
		95F0F626231DDE6A0097CC1C /* GHResourceFactory.cpp */ = {isa = PBXFileReference; fileEncoding = 4; lastKnownFileType = sourcecode.cpp.cpp; name = GHResourceFactory.cpp; path = ../../../GHResourceFactory.cpp; sourceTree = "<group>"; };
		95F0F627231DDE6B0097CC1C /* GHFOpenFileOpener.h */ = {isa = PBXFileReference; fileEncoding = 4; lastKnownFileType = sourcecode.c.h; name = GHFOpenFileOpener.h; path = ../../../GHFOpenFileOpener.h; sourceTree = "<group>"; };
		95F0F628231DDE6B0097CC1C /* GHEventMgr.cpp */ = {isa = PBXFileReference; fileEncoding = 4; lastKnownFileType = sourcecode.cpp.cpp; name = GHEventMgr.cpp; path = ../../../GHEventMgr.cpp; sourceTree = "<group>"; };
		95F0F629231DDE6B0097CC1C /* GHTimeVal.cpp */ = {isa = PBXFileReference; fileEncoding = 4; lastKnownFileType = sourcecode.cpp.cpp; name = GHTimeVal.cpp; path = ../../../GHTimeVal.cpp; sourceTree = "<group>"; };
		95F0F62A231DDE6B0097CC1C /* GHMessageHandler.h */ = {isa = PBXFileReference; fileEncoding = 4; lastKnownFileType = sourcecode.c.h; name = GHMessageHandler.h; path = ../../../GHMessageHandler.h; sourceTree = "<group>"; };
		95F0F62B231DDE6B0097CC1C /* GHResourceCache.h */ = {isa = PBXFileReference; fileEncoding = 4; lastKnownFileType = sourcecode.c.h; name = GHResourceCache.h; path = ../../../GHResourceCache.h; sourceTree = "<group>"; };
		95F0F62C231DDE6B0097CC1C /* GHRefCounted.cpp */ = {isa = PBXFileReference; fileEncoding = 4; lastKnownFileType = sourcecode.cpp.cpp; name = GHRefCounted.cpp; path = ../../../GHRefCounted.cpp; sourceTree = "<group>"; };
		95F0F62D231DDE6B0097CC1C /* GHThreadSignal.h */ = {isa = PBXFileReference; fileEncoding = 4; lastKnownFileType = sourcecode.c.h; name = GHThreadSignal.h; path = ../../../GHThreadSignal.h; sourceTree = "<group>"; };
		95F0F62E231DDE6C0097CC1C /* GHByteStreamPreallocated.h */ = {isa = PBXFileReference; fileEncoding = 4; lastKnownFileType = sourcecode.c.h; name = GHByteStreamPreallocated.h; path = ../../../GHByteStreamPreallocated.h; sourceTree = "<group>"; };
		95F0F62F231DDE6C0097CC1C /* GHFOpenFileOpener.cpp */ = {isa = PBXFileReference; fileEncoding = 4; lastKnownFileType = sourcecode.cpp.cpp; name = GHFOpenFileOpener.cpp; path = ../../../GHFOpenFileOpener.cpp; sourceTree = "<group>"; };
		95F0F630231DDE6C0097CC1C /* GHPrintfOutputPipe.cpp */ = {isa = PBXFileReference; fileEncoding = 4; lastKnownFileType = sourcecode.cpp.cpp; name = GHPrintfOutputPipe.cpp; path = ../../../GHPrintfOutputPipe.cpp; sourceTree = "<group>"; };
		95F0F631231DDE6C0097CC1C /* GHMutex.h */ = {isa = PBXFileReference; fileEncoding = 4; lastKnownFileType = sourcecode.c.h; name = GHMutex.h; path = ../../../GHMutex.h; sourceTree = "<group>"; };
		95F0F632231DDE6C0097CC1C /* GHByteStream.h */ = {isa = PBXFileReference; fileEncoding = 4; lastKnownFileType = sourcecode.c.h; name = GHByteStream.h; path = ../../../GHByteStream.h; sourceTree = "<group>"; };
		95F0F633231DDE6C0097CC1C /* GHRefCounted.h */ = {isa = PBXFileReference; fileEncoding = 4; lastKnownFileType = sourcecode.c.h; name = GHRefCounted.h; path = ../../../GHRefCounted.h; sourceTree = "<group>"; };
		95F0F634231DDE6C0097CC1C /* GHResourceCache.cpp */ = {isa = PBXFileReference; fileEncoding = 4; lastKnownFileType = sourcecode.cpp.cpp; name = GHResourceCache.cpp; path = ../../../GHResourceCache.cpp; sourceTree = "<group>"; };
		95F0F635231DDE6C0097CC1C /* GHResourceFactory.h */ = {isa = PBXFileReference; fileEncoding = 4; lastKnownFileType = sourcecode.c.h; name = GHResourceFactory.h; path = ../../../GHResourceFactory.h; sourceTree = "<group>"; };
		95F0F636231DDE6D0097CC1C /* GHTimeVal.h */ = {isa = PBXFileReference; fileEncoding = 4; lastKnownFileType = sourcecode.c.h; name = GHTimeVal.h; path = ../../../GHTimeVal.h; sourceTree = "<group>"; };
		95F0F637231DDE6D0097CC1C /* GHPropertyContainer.cpp */ = {isa = PBXFileReference; fileEncoding = 4; lastKnownFileType = sourcecode.cpp.cpp; name = GHPropertyContainer.cpp; path = ../../../GHPropertyContainer.cpp; sourceTree = "<group>"; };
		95F0F638231DDE6D0097CC1C /* GHFileOpener.h */ = {isa = PBXFileReference; fileEncoding = 4; lastKnownFileType = sourcecode.c.h; name = GHFileOpener.h; path = ../../../GHFileOpener.h; sourceTree = "<group>"; };
		95F0F639231DDE6D0097CC1C /* GHControllerMgr.h */ = {isa = PBXFileReference; fileEncoding = 4; lastKnownFileType = sourcecode.c.h; name = GHControllerMgr.h; path = ../../../GHControllerMgr.h; sourceTree = "<group>"; };
		95F0F63A231DDE6D0097CC1C /* GHThreadFactory.h */ = {isa = PBXFileReference; fileEncoding = 4; lastKnownFileType = sourcecode.c.h; name = GHThreadFactory.h; path = ../../../GHThreadFactory.h; sourceTree = "<group>"; };
		95F0F63B231DDE6D0097CC1C /* GHFileC.cpp */ = {isa = PBXFileReference; fileEncoding = 4; lastKnownFileType = sourcecode.cpp.cpp; name = GHFileC.cpp; path = ../../../GHFileC.cpp; sourceTree = "<group>"; };
		95F0F656231DDE960097CC1C /* GHString.xcodeproj */ = {isa = PBXFileReference; lastKnownFileType = "wrapper.pb-project"; name = GHString.xcodeproj; path = ../../../GHString/ios/GHString/GHString.xcodeproj; sourceTree = "<group>"; };
		95F0F664231DDF940097CC1C /* GHPlatform.pch */ = {isa = PBXFileReference; fileEncoding = 4; lastKnownFileType = sourcecode.c.h; path = GHPlatform.pch; sourceTree = SOURCE_ROOT; };
/* End PBXFileReference section */

/* Begin PBXFrameworksBuildPhase section */
		95F0F5AF231DDDF70097CC1C /* Frameworks */ = {
			isa = PBXFrameworksBuildPhase;
			buildActionMask = 2147483647;
			files = (
				95F0F65F231DDEAD0097CC1C /* libGHString.a in Frameworks */,
			);
			runOnlyForDeploymentPostprocessing = 0;
		};
/* End PBXFrameworksBuildPhase section */

/* Begin PBXGroup section */
		95F0F5A9231DDDF70097CC1C = {
			isa = PBXGroup;
			children = (
				95F0F656231DDE960097CC1C /* GHString.xcodeproj */,
				95F0F5B4231DDDF70097CC1C /* GHPlatform */,
				95F0F5B3231DDDF70097CC1C /* Products */,
				95F0F65E231DDEAD0097CC1C /* Frameworks */,
			);
			sourceTree = "<group>";
		};
		95F0F5B3231DDDF70097CC1C /* Products */ = {
			isa = PBXGroup;
			children = (
				95F0F5B2231DDDF70097CC1C /* libGHPlatform.a */,
			);
			name = Products;
			sourceTree = "<group>";
		};
		95F0F5B4231DDDF70097CC1C /* GHPlatform */ = {
			isa = PBXGroup;
			children = (
				95F0F664231DDF940097CC1C /* GHPlatform.pch */,
				95F0F5C0231DDE110097CC1C /* null */,
				95F0F5BF231DDE0C0097CC1C /* ios */,
				95F0F5BE231DDE060097CC1C /* base */,
			);
			path = GHPlatform;
			sourceTree = "<group>";
		};
		95F0F5BE231DDE060097CC1C /* base */ = {
			isa = PBXGroup;
			children = (
				95F0F632231DDE6C0097CC1C /* GHByteStream.h */,
				95F0F602231DDE660097CC1C /* GHByteStreamPreallocated.cpp */,
				95F0F62E231DDE6C0097CC1C /* GHByteStreamPreallocated.h */,
				95F0F617231DDE690097CC1C /* GHByteStreamReader.cpp */,
				95F0F613231DDE680097CC1C /* GHByteStreamReader.h */,
				95F0F612231DDE680097CC1C /* GHConnectionType.h */,
				95F0F625231DDE6A0097CC1C /* GHController.h */,
				95F0F624231DDE6A0097CC1C /* GHControllerMgr.cpp */,
				95F0F639231DDE6D0097CC1C /* GHControllerMgr.h */,
				95F0F61B231DDE690097CC1C /* GHControllerTransition.cpp */,
				95F0F5F7231DDE660097CC1C /* GHControllerTransition.h */,
				95F0F5F9231DDE660097CC1C /* GHDebugMessage.cpp */,
				95F0F5F8231DDE660097CC1C /* GHDebugMessage.h */,
				95F0F5FB231DDE660097CC1C /* GHDeletionHandle.h */,
				95F0F628231DDE6B0097CC1C /* GHEventMgr.cpp */,
				95F0F5FA231DDE660097CC1C /* GHEventMgr.h */,
				95F0F60A231DDE670097CC1C /* GHFile.h */,
				95F0F63B231DDE6D0097CC1C /* GHFileC.cpp */,
				95F0F61A231DDE690097CC1C /* GHFileC.h */,
				95F0F621231DDE6A0097CC1C /* GHFileOpener.cpp */,
				95F0F638231DDE6D0097CC1C /* GHFileOpener.h */,
				95F0F5FF231DDE660097CC1C /* GHFilePicker.h */,
				95F0F62F231DDE6C0097CC1C /* GHFOpenFileOpener.cpp */,
				95F0F627231DDE6B0097CC1C /* GHFOpenFileOpener.h */,
				95F0F5F0231DDE650097CC1C /* GHMessage.cpp */,
				95F0F60C231DDE670097CC1C /* GHMessage.h */,
				95F0F62A231DDE6B0097CC1C /* GHMessageHandler.h */,
				95F0F614231DDE680097CC1C /* GHMessageQueue.cpp */,
				95F0F61D231DDE690097CC1C /* GHMessageQueue.h */,
				95F0F631231DDE6C0097CC1C /* GHMutex.h */,
				95F0F60B231DDE670097CC1C /* GHOutputPipe.h */,
				95F0F61C231DDE690097CC1C /* GHOwnershipList.h */,
				95F0F5F2231DDE650097CC1C /* GHPlatformIdentifiers.h */,
				95F0F600231DDE660097CC1C /* GHPlatformServices.cpp */,
				95F0F60D231DDE680097CC1C /* GHPlatformServices.h */,
				95F0F630231DDE6C0097CC1C /* GHPrintfOutputPipe.cpp */,
				95F0F619231DDE690097CC1C /* GHPrintfOutputPipe.h */,
				95F0F5FC231DDE660097CC1C /* GHPrioritizedList.h */,
				95F0F61E231DDE6A0097CC1C /* GHProfiler.cpp */,
				95F0F620231DDE6A0097CC1C /* GHProfiler.h */,
				95F0F601231DDE660097CC1C /* GHProfileRecord.cpp */,
				95F0F5F3231DDE650097CC1C /* GHProfileRecord.h */,
				95F0F622231DDE6A0097CC1C /* GHProperty.cpp */,
				95F0F608231DDE670097CC1C /* GHProperty.h */,
				95F0F637231DDE6D0097CC1C /* GHPropertyContainer.cpp */,
				95F0F61F231DDE6A0097CC1C /* GHPropertyContainer.h */,
				95F0F610231DDE680097CC1C /* GHRedirectResourceLoader.cpp */,
				95F0F5EE231DDE650097CC1C /* GHRedirectResourceLoader.h */,
				95F0F62C231DDE6B0097CC1C /* GHRefCounted.cpp */,
				95F0F633231DDE6C0097CC1C /* GHRefCounted.h */,
				95F0F5FD231DDE660097CC1C /* GHRefCountedDeletionHandle.h */,
				95F0F5F6231DDE660097CC1C /* GHResource.cpp */,
				95F0F5EF231DDE650097CC1C /* GHResource.h */,
				95F0F634231DDE6C0097CC1C /* GHResourceCache.cpp */,
				95F0F62B231DDE6B0097CC1C /* GHResourceCache.h */,
				95F0F626231DDE6A0097CC1C /* GHResourceFactory.cpp */,
				95F0F635231DDE6C0097CC1C /* GHResourceFactory.h */,
				95F0F603231DDE670097CC1C /* GHResourceLoader.h */,
				95F0F611231DDE680097CC1C /* GHRunnable.h */,
				95F0F60F231DDE680097CC1C /* GHSocket.h */,
				95F0F615231DDE690097CC1C /* GHSocketMgr.h */,
				95F0F5FE231DDE660097CC1C /* GHStateMachine.cpp */,
				95F0F616231DDE690097CC1C /* GHStateMachine.h */,
				95F0F5F1231DDE650097CC1C /* GHStaticAssert.h */,
				95F0F606231DDE670097CC1C /* GHStlUtil.h */,
				95F0F604231DDE670097CC1C /* GHThread.h */,
				95F0F63A231DDE6D0097CC1C /* GHThreadFactory.h */,
				95F0F62D231DDE6B0097CC1C /* GHThreadSignal.h */,
				95F0F607231DDE670097CC1C /* GHThreadSleeper.h */,
				95F0F618231DDE690097CC1C /* GHTimeCalculator.h */,
				95F0F605231DDE670097CC1C /* GHTimeUpdater.cpp */,
				95F0F5F4231DDE660097CC1C /* GHTimeUpdater.h */,
				95F0F629231DDE6B0097CC1C /* GHTimeVal.cpp */,
				95F0F636231DDE6D0097CC1C /* GHTimeVal.h */,
				95F0F5F5231DDE660097CC1C /* GHTransition.h */,
				95F0F60E231DDE680097CC1C /* GHTypedVoidFuncRunnable.h */,
				95F0F623231DDE6A0097CC1C /* GHXorFile.cpp */,
				95F0F609231DDE670097CC1C /* GHXorFile.h */,
			);
			name = base;
			sourceTree = "<group>";
		};
		95F0F5BF231DDE0C0097CC1C /* ios */ = {
			isa = PBXGroup;
			children = (
				95F0F5DE231DDE470097CC1C /* GHCFSocket.h */,
				95F0F5D6231DDE460097CC1C /* GHCFSocket.mm */,
				95F0F5D8231DDE460097CC1C /* GHCFSocketMgr.h */,
				95F0F5D0231DDE460097CC1C /* GHCFSocketMgr.mm */,
				95F0F5D2231DDE460097CC1C /* GHiOSFileOpener.h */,
				95F0F5DB231DDE460097CC1C /* GHiOSFileOpener.mm */,
				95F0F5E3231DDE470097CC1C /* GHiOSMutex.h */,
				95F0F5E1231DDE470097CC1C /* GHiOSMutex.mm */,
				95F0F5D9231DDE460097CC1C /* GHiOSOutputPipe.h */,
				95F0F5D7231DDE460097CC1C /* GHiOSOutputPipe.mm */,
				95F0F5DA231DDE460097CC1C /* GHiOSPlatformServices.h */,
				95F0F5DD231DDE470097CC1C /* GHiOSPlatformServices.mm */,
				95F0F5DF231DDE470097CC1C /* GHiOSThread.h */,
				95F0F5DC231DDE460097CC1C /* GHiOSThread.mm */,
				95F0F5D4231DDE460097CC1C /* GHiOSThreadFactory.h */,
				95F0F5E2231DDE470097CC1C /* GHiOSThreadFactory.mm */,
				95F0F5E0231DDE470097CC1C /* GHiOSThreadSleeper.h */,
				95F0F5D1231DDE460097CC1C /* GHiOSThreadSleeper.mm */,
				95F0F5D5231DDE460097CC1C /* GHiOSTimeCalculator.h */,
				95F0F5D3231DDE460097CC1C /* GHiOSTimeCalculator.mm */,
			);
			name = ios;
			sourceTree = "<group>";
		};
		95F0F5C0231DDE110097CC1C /* null */ = {
			isa = PBXGroup;
			children = (
				95F0F5CB231DDE340097CC1C /* GHNullFileOpener.h */,
				95F0F5CC231DDE340097CC1C /* GHNullFilePicker.h */,
				95F0F5C6231DDE340097CC1C /* GHNullMutex.h */,
				95F0F5C5231DDE340097CC1C /* GHNullPlatformServices.cpp */,
				95F0F5C2231DDE340097CC1C /* GHNullPlatformServices.h */,
				95F0F5C7231DDE340097CC1C /* GHNullSocketMgr.h */,
				95F0F5CD231DDE340097CC1C /* GHNullThread.h */,
				95F0F5C3231DDE340097CC1C /* GHNullThreadFactory.cpp */,
				95F0F5C4231DDE340097CC1C /* GHNullThreadFactory.h */,
				95F0F5C8231DDE340097CC1C /* GHNullThreadSignal.h */,
				95F0F5CA231DDE340097CC1C /* GHNullThreadSleeper.h */,
				95F0F5C1231DDE340097CC1C /* GHNullTimeCalculator.h */,
				95F0F5C9231DDE340097CC1C /* GHNullWindow.h */,
			);
			name = null;
			sourceTree = "<group>";
		};
		95F0F657231DDE960097CC1C /* Products */ = {
			isa = PBXGroup;
			children = (
				95F0F65B231DDE960097CC1C /* libGHString.a */,
			);
			name = Products;
			sourceTree = "<group>";
		};
		95F0F65E231DDEAD0097CC1C /* Frameworks */ = {
			isa = PBXGroup;
			children = (
			);
			name = Frameworks;
			sourceTree = "<group>";
		};
/* End PBXGroup section */

/* Begin PBXNativeTarget section */
		95F0F5B1231DDDF70097CC1C /* GHPlatform */ = {
			isa = PBXNativeTarget;
			buildConfigurationList = 95F0F5BB231DDDF70097CC1C /* Build configuration list for PBXNativeTarget "GHPlatform" */;
			buildPhases = (
				95F0F5AE231DDDF70097CC1C /* Sources */,
				95F0F5AF231DDDF70097CC1C /* Frameworks */,
				95F0F5B0231DDDF70097CC1C /* CopyFiles */,
			);
			buildRules = (
			);
			dependencies = (
				95F0F65D231DDEA50097CC1C /* PBXTargetDependency */,
			);
			name = GHPlatform;
			productName = GHPlatform;
			productReference = 95F0F5B2231DDDF70097CC1C /* libGHPlatform.a */;
			productType = "com.apple.product-type.library.static";
		};
/* End PBXNativeTarget section */

/* Begin PBXProject section */
		95F0F5AA231DDDF70097CC1C /* Project object */ = {
			isa = PBXProject;
			attributes = {
				LastUpgradeCheck = 1010;
				ORGANIZATIONNAME = "Golden Hammer Software";
				TargetAttributes = {
					95F0F5B1231DDDF70097CC1C = {
						CreatedOnToolsVersion = 10.1;
					};
				};
			};
			buildConfigurationList = 95F0F5AD231DDDF70097CC1C /* Build configuration list for PBXProject "GHPlatform" */;
			compatibilityVersion = "Xcode 9.3";
			developmentRegion = en;
			hasScannedForEncodings = 0;
			knownRegions = (
				en,
			);
			mainGroup = 95F0F5A9231DDDF70097CC1C;
			productRefGroup = 95F0F5B3231DDDF70097CC1C /* Products */;
			projectDirPath = "";
			projectReferences = (
				{
					ProductGroup = 95F0F657231DDE960097CC1C /* Products */;
					ProjectRef = 95F0F656231DDE960097CC1C /* GHString.xcodeproj */;
				},
			);
			projectRoot = "";
			targets = (
				95F0F5B1231DDDF70097CC1C /* GHPlatform */,
			);
		};
/* End PBXProject section */

/* Begin PBXReferenceProxy section */
		95F0F65B231DDE960097CC1C /* libGHString.a */ = {
			isa = PBXReferenceProxy;
			fileType = archive.ar;
			path = libGHString.a;
			remoteRef = 95F0F65A231DDE960097CC1C /* PBXContainerItemProxy */;
			sourceTree = BUILT_PRODUCTS_DIR;
		};
/* End PBXReferenceProxy section */

/* Begin PBXSourcesBuildPhase section */
		95F0F5AE231DDDF70097CC1C /* Sources */ = {
			isa = PBXSourcesBuildPhase;
			buildActionMask = 2147483647;
			files = (
				95F0F5E7231DDE470097CC1C /* GHCFSocket.mm in Sources */,
				95F0F644231DDE6D0097CC1C /* GHRedirectResourceLoader.cpp in Sources */,
				95F0F64B231DDE6D0097CC1C /* GHXorFile.cpp in Sources */,
				95F0F642231DDE6D0097CC1C /* GHByteStreamPreallocated.cpp in Sources */,
				95F0F5CF231DDE340097CC1C /* GHNullPlatformServices.cpp in Sources */,
				95F0F63C231DDE6D0097CC1C /* GHMessage.cpp in Sources */,
				95F0F5E8231DDE470097CC1C /* GHiOSOutputPipe.mm in Sources */,
				95F0F63D231DDE6D0097CC1C /* GHResource.cpp in Sources */,
				95F0F64C231DDE6D0097CC1C /* GHControllerMgr.cpp in Sources */,
				95F0F5EB231DDE470097CC1C /* GHiOSPlatformServices.mm in Sources */,
				95F0F5E4231DDE470097CC1C /* GHCFSocketMgr.mm in Sources */,
				95F0F63E231DDE6D0097CC1C /* GHDebugMessage.cpp in Sources */,
				95F0F651231DDE6D0097CC1C /* GHFOpenFileOpener.cpp in Sources */,
				95F0F63F231DDE6D0097CC1C /* GHStateMachine.cpp in Sources */,
				95F0F640231DDE6D0097CC1C /* GHPlatformServices.cpp in Sources */,
				95F0F5EA231DDE470097CC1C /* GHiOSThread.mm in Sources */,
				95F0F648231DDE6D0097CC1C /* GHProfiler.cpp in Sources */,
				95F0F654231DDE6D0097CC1C /* GHPropertyContainer.cpp in Sources */,
				95F0F655231DDE6D0097CC1C /* GHFileC.cpp in Sources */,
				95F0F64E231DDE6D0097CC1C /* GHEventMgr.cpp in Sources */,
				95F0F5E6231DDE470097CC1C /* GHiOSTimeCalculator.mm in Sources */,
				95F0F646231DDE6D0097CC1C /* GHByteStreamReader.cpp in Sources */,
				95F0F643231DDE6D0097CC1C /* GHTimeUpdater.cpp in Sources */,
				95F0F5ED231DDE470097CC1C /* GHiOSThreadFactory.mm in Sources */,
				95F0F647231DDE6D0097CC1C /* GHControllerTransition.cpp in Sources */,
				95F0F5E9231DDE470097CC1C /* GHiOSFileOpener.mm in Sources */,
				95F0F5EC231DDE470097CC1C /* GHiOSMutex.mm in Sources */,
				95F0F652231DDE6D0097CC1C /* GHPrintfOutputPipe.cpp in Sources */,
				95F0F649231DDE6D0097CC1C /* GHFileOpener.cpp in Sources */,
				95F0F645231DDE6D0097CC1C /* GHMessageQueue.cpp in Sources */,
				95F0F64D231DDE6D0097CC1C /* GHResourceFactory.cpp in Sources */,
				95F0F64A231DDE6D0097CC1C /* GHProperty.cpp in Sources */,
				95F0F641231DDE6D0097CC1C /* GHProfileRecord.cpp in Sources */,
				95F0F653231DDE6D0097CC1C /* GHResourceCache.cpp in Sources */,
				95F0F5CE231DDE340097CC1C /* GHNullThreadFactory.cpp in Sources */,
				95F0F5E5231DDE470097CC1C /* GHiOSThreadSleeper.mm in Sources */,
				95F0F650231DDE6D0097CC1C /* GHRefCounted.cpp in Sources */,
				95F0F64F231DDE6D0097CC1C /* GHTimeVal.cpp in Sources */,
			);
			runOnlyForDeploymentPostprocessing = 0;
		};
/* End PBXSourcesBuildPhase section */

/* Begin PBXTargetDependency section */
		95F0F65D231DDEA50097CC1C /* PBXTargetDependency */ = {
			isa = PBXTargetDependency;
			name = GHString;
			targetProxy = 95F0F65C231DDEA50097CC1C /* PBXContainerItemProxy */;
		};
/* End PBXTargetDependency section */

/* Begin XCBuildConfiguration section */
		95F0F5B9231DDDF70097CC1C /* Debug */ = {
			isa = XCBuildConfiguration;
			buildSettings = {
				ALWAYS_SEARCH_USER_PATHS = NO;
				CLANG_ANALYZER_NONNULL = YES;
				CLANG_ANALYZER_NUMBER_OBJECT_CONVERSION = YES_AGGRESSIVE;
				CLANG_CXX_LANGUAGE_STANDARD = "gnu++14";
				CLANG_CXX_LIBRARY = "libc++";
				CLANG_ENABLE_MODULES = YES;
				CLANG_ENABLE_OBJC_ARC = YES;
				CLANG_ENABLE_OBJC_WEAK = YES;
				CLANG_WARN_BLOCK_CAPTURE_AUTORELEASING = YES;
				CLANG_WARN_BOOL_CONVERSION = YES;
				CLANG_WARN_COMMA = YES;
				CLANG_WARN_CONSTANT_CONVERSION = YES;
				CLANG_WARN_DEPRECATED_OBJC_IMPLEMENTATIONS = YES;
				CLANG_WARN_DIRECT_OBJC_ISA_USAGE = YES_ERROR;
				CLANG_WARN_DOCUMENTATION_COMMENTS = YES;
				CLANG_WARN_EMPTY_BODY = YES;
				CLANG_WARN_ENUM_CONVERSION = YES;
				CLANG_WARN_INFINITE_RECURSION = YES;
				CLANG_WARN_INT_CONVERSION = YES;
				CLANG_WARN_NON_LITERAL_NULL_CONVERSION = YES;
				CLANG_WARN_OBJC_IMPLICIT_RETAIN_SELF = YES;
				CLANG_WARN_OBJC_LITERAL_CONVERSION = YES;
				CLANG_WARN_OBJC_ROOT_CLASS = YES_ERROR;
				CLANG_WARN_RANGE_LOOP_ANALYSIS = YES;
				CLANG_WARN_STRICT_PROTOTYPES = YES;
				CLANG_WARN_SUSPICIOUS_MOVE = YES;
				CLANG_WARN_UNGUARDED_AVAILABILITY = YES_AGGRESSIVE;
				CLANG_WARN_UNREACHABLE_CODE = YES;
				CLANG_WARN__DUPLICATE_METHOD_MATCH = YES;
				CODE_SIGN_IDENTITY = "iPhone Developer";
				COPY_PHASE_STRIP = NO;
				DEBUG_INFORMATION_FORMAT = dwarf;
				ENABLE_STRICT_OBJC_MSGSEND = YES;
				ENABLE_TESTABILITY = YES;
				GCC_C_LANGUAGE_STANDARD = gnu11;
				GCC_DYNAMIC_NO_PIC = NO;
				GCC_NO_COMMON_BLOCKS = YES;
				GCC_OPTIMIZATION_LEVEL = 0;
				GCC_PREPROCESSOR_DEFINITIONS = (
					"DEBUG=1",
					"$(inherited)",
				);
				GCC_WARN_64_TO_32_BIT_CONVERSION = YES;
				GCC_WARN_ABOUT_RETURN_TYPE = YES_ERROR;
				GCC_WARN_UNDECLARED_SELECTOR = YES;
				GCC_WARN_UNINITIALIZED_AUTOS = YES_AGGRESSIVE;
				GCC_WARN_UNUSED_FUNCTION = YES;
				GCC_WARN_UNUSED_VARIABLE = YES;
				IPHONEOS_DEPLOYMENT_TARGET = 12.1;
				MTL_ENABLE_DEBUG_INFO = INCLUDE_SOURCE;
				MTL_FAST_MATH = YES;
				ONLY_ACTIVE_ARCH = YES;
				SDKROOT = iphoneos;
			};
			name = Debug;
		};
		95F0F5BA231DDDF70097CC1C /* Release */ = {
			isa = XCBuildConfiguration;
			buildSettings = {
				ALWAYS_SEARCH_USER_PATHS = NO;
				CLANG_ANALYZER_NONNULL = YES;
				CLANG_ANALYZER_NUMBER_OBJECT_CONVERSION = YES_AGGRESSIVE;
				CLANG_CXX_LANGUAGE_STANDARD = "gnu++14";
				CLANG_CXX_LIBRARY = "libc++";
				CLANG_ENABLE_MODULES = YES;
				CLANG_ENABLE_OBJC_ARC = YES;
				CLANG_ENABLE_OBJC_WEAK = YES;
				CLANG_WARN_BLOCK_CAPTURE_AUTORELEASING = YES;
				CLANG_WARN_BOOL_CONVERSION = YES;
				CLANG_WARN_COMMA = YES;
				CLANG_WARN_CONSTANT_CONVERSION = YES;
				CLANG_WARN_DEPRECATED_OBJC_IMPLEMENTATIONS = YES;
				CLANG_WARN_DIRECT_OBJC_ISA_USAGE = YES_ERROR;
				CLANG_WARN_DOCUMENTATION_COMMENTS = YES;
				CLANG_WARN_EMPTY_BODY = YES;
				CLANG_WARN_ENUM_CONVERSION = YES;
				CLANG_WARN_INFINITE_RECURSION = YES;
				CLANG_WARN_INT_CONVERSION = YES;
				CLANG_WARN_NON_LITERAL_NULL_CONVERSION = YES;
				CLANG_WARN_OBJC_IMPLICIT_RETAIN_SELF = YES;
				CLANG_WARN_OBJC_LITERAL_CONVERSION = YES;
				CLANG_WARN_OBJC_ROOT_CLASS = YES_ERROR;
				CLANG_WARN_RANGE_LOOP_ANALYSIS = YES;
				CLANG_WARN_STRICT_PROTOTYPES = YES;
				CLANG_WARN_SUSPICIOUS_MOVE = YES;
				CLANG_WARN_UNGUARDED_AVAILABILITY = YES_AGGRESSIVE;
				CLANG_WARN_UNREACHABLE_CODE = YES;
				CLANG_WARN__DUPLICATE_METHOD_MATCH = YES;
				CODE_SIGN_IDENTITY = "iPhone Developer";
				COPY_PHASE_STRIP = NO;
				DEBUG_INFORMATION_FORMAT = "dwarf-with-dsym";
				ENABLE_NS_ASSERTIONS = NO;
				ENABLE_STRICT_OBJC_MSGSEND = YES;
				GCC_C_LANGUAGE_STANDARD = gnu11;
				GCC_NO_COMMON_BLOCKS = YES;
				GCC_WARN_64_TO_32_BIT_CONVERSION = YES;
				GCC_WARN_ABOUT_RETURN_TYPE = YES_ERROR;
				GCC_WARN_UNDECLARED_SELECTOR = YES;
				GCC_WARN_UNINITIALIZED_AUTOS = YES_AGGRESSIVE;
				GCC_WARN_UNUSED_FUNCTION = YES;
				GCC_WARN_UNUSED_VARIABLE = YES;
				IPHONEOS_DEPLOYMENT_TARGET = 12.1;
				MTL_ENABLE_DEBUG_INFO = NO;
				MTL_FAST_MATH = YES;
				SDKROOT = iphoneos;
				VALIDATE_PRODUCT = YES;
			};
			name = Release;
		};
		95F0F5BC231DDDF70097CC1C /* Debug */ = {
			isa = XCBuildConfiguration;
			buildSettings = {
				CODE_SIGN_STYLE = Automatic;
				DEVELOPMENT_TEAM = EC6XRWE9L4;
				GCC_PRECOMPILE_PREFIX_HEADER = YES;
				GCC_PREFIX_HEADER = GHPlatform.pch;
				HEADER_SEARCH_PATHS = ../../..;
				IPHONEOS_DEPLOYMENT_TARGET = 8.0;
				OTHER_LDFLAGS = "-ObjC";
				PRODUCT_NAME = "$(TARGET_NAME)";
				SKIP_INSTALL = YES;
				TARGETED_DEVICE_FAMILY = "1,2";
			};
			name = Debug;
		};
		95F0F5BD231DDDF70097CC1C /* Release */ = {
			isa = XCBuildConfiguration;
			buildSettings = {
				CODE_SIGN_STYLE = Automatic;
				DEVELOPMENT_TEAM = EC6XRWE9L4;
				GCC_PRECOMPILE_PREFIX_HEADER = YES;
				GCC_PREFIX_HEADER = GHPlatform.pch;
				HEADER_SEARCH_PATHS = ../../..;
				IPHONEOS_DEPLOYMENT_TARGET = 8.0;
				OTHER_LDFLAGS = "-ObjC";
				PRODUCT_NAME = "$(TARGET_NAME)";
				SKIP_INSTALL = YES;
				TARGETED_DEVICE_FAMILY = "1,2";
			};
			name = Release;
		};
/* End XCBuildConfiguration section */

/* Begin XCConfigurationList section */
		95F0F5AD231DDDF70097CC1C /* Build configuration list for PBXProject "GHPlatform" */ = {
			isa = XCConfigurationList;
			buildConfigurations = (
				95F0F5B9231DDDF70097CC1C /* Debug */,
				95F0F5BA231DDDF70097CC1C /* Release */,
			);
			defaultConfigurationIsVisible = 0;
			defaultConfigurationName = Release;
		};
		95F0F5BB231DDDF70097CC1C /* Build configuration list for PBXNativeTarget "GHPlatform" */ = {
			isa = XCConfigurationList;
			buildConfigurations = (
				95F0F5BC231DDDF70097CC1C /* Debug */,
				95F0F5BD231DDDF70097CC1C /* Release */,
			);
			defaultConfigurationIsVisible = 0;
			defaultConfigurationName = Release;
		};
/* End XCConfigurationList section */
	};
	rootObject = 95F0F5AA231DDDF70097CC1C /* Project object */;
}
